
Microsoft Visual Studio Solution File, Format Version 12.00
# Visual Studio Version 17
VisualStudioVersion = 17.0.31612.314
MinimumVisualStudioVersion = 10.0.40219.1
Project("{2150E333-8FDC-42A3-9474-1A3956D46DE8}") = "Solution Items", "Solution Items", "{44984EC3-47A9-44F1-96AE-53D8C84076E4}"
	ProjectSection(SolutionItems) = preProject
		README.md = README.md
	EndProjectSection
EndProject
Project("{FAE04EC0-301F-11D3-BF4B-00C04F79EFBC}") = "Xamarin.ByRecyclerView", "Xamarin.ByRecyclerView\Xamarin.ByRecyclerView.csproj", "{B8FF1E88-6E01-45CA-A2A4-9926A971782C}"
EndProject
Project("{FAE04EC0-301F-11D3-BF4B-00C04F79EFBC}") = "Xamarin.PickiT", "Xamarin.PickiT\Xamarin.PickiT.csproj", "{51928DD4-7936-4BAF-856C-F1BA8B4E4DB6}"
EndProject
Global
	GlobalSection(SolutionConfigurationPlatforms) = preSolution
		Debug|Any CPU = Debug|Any CPU
		Release|Any CPU = Release|Any CPU
	EndGlobalSection
	GlobalSection(ProjectConfigurationPlatforms) = postSolution
		{B8FF1E88-6E01-45CA-A2A4-9926A971782C}.Debug|Any CPU.ActiveCfg = Debug|Any CPU
		{B8FF1E88-6E01-45CA-A2A4-9926A971782C}.Debug|Any CPU.Build.0 = Debug|Any CPU
		{B8FF1E88-6E01-45CA-A2A4-9926A971782C}.Release|Any CPU.ActiveCfg = Release|Any CPU
		{B8FF1E88-6E01-45CA-A2A4-9926A971782C}.Release|Any CPU.Build.0 = Release|Any CPU
		{51928DD4-7936-4BAF-856C-F1BA8B4E4DB6}.Debug|Any CPU.ActiveCfg = Debug|Any CPU
		{51928DD4-7936-4BAF-856C-F1BA8B4E4DB6}.Debug|Any CPU.Build.0 = Debug|Any CPU
		{51928DD4-7936-4BAF-856C-F1BA8B4E4DB6}.Release|Any CPU.ActiveCfg = Release|Any CPU
		{51928DD4-7936-4BAF-856C-F1BA8B4E4DB6}.Release|Any CPU.Build.0 = Release|Any CPU
	EndGlobalSection
	GlobalSection(SolutionProperties) = preSolution
		HideSolutionNode = FALSE
	EndGlobalSection
	GlobalSection(ExtensibilityGlobals) = postSolution
		SolutionGuid = {25D0FAB6-ED71-4D97-A8D1-9E6447888FD9}
	EndGlobalSection
EndGlobal
